
Microsoft Visual Studio Solution File, Format Version 12.00
# Visual Studio 15
VisualStudioVersion = 15.0.27703.2035
MinimumVisualStudioVersion = 10.0.40219.1
Project("{FAE04EC0-301F-11D3-BF4B-00C04F79EFBC}") = "ViolaApi", "ViolaApi\ViolaApi.csproj", "{BEDB3031-9AF3-4602-8C2E-F8637C7DAC50}"
EndProject
Global
	GlobalSection(SolutionConfigurationPlatforms) = preSolution
		Debug|Any CPU = Debug|Any CPU
		Release|Any CPU = Release|Any CPU
	EndGlobalSection
	GlobalSection(ProjectConfigurationPlatforms) = postSolution
		{BEDB3031-9AF3-4602-8C2E-F8637C7DAC50}.Debug|Any CPU.ActiveCfg = Debug|Any CPU
		{BEDB3031-9AF3-4602-8C2E-F8637C7DAC50}.Debug|Any CPU.Build.0 = Debug|Any CPU
		{BEDB3031-9AF3-4602-8C2E-F8637C7DAC50}.Release|Any CPU.ActiveCfg = Release|Any CPU
		{BEDB3031-9AF3-4602-8C2E-F8637C7DAC50}.Release|Any CPU.Build.0 = Release|Any CPU
	EndGlobalSection
	GlobalSection(SolutionProperties) = preSolution
		HideSolutionNode = FALSE
	EndGlobalSection
	GlobalSection(ExtensibilityGlobals) = postSolution
		SolutionGuid = {5B3D6928-4387-4984-84EE-672A9A9E024F}
	EndGlobalSection
EndGlobal
